
Microsoft Visual Studio Solution File, Format Version 12.00
# Visual Studio Version 17
VisualStudioVersion = 17.7.34031.279
MinimumVisualStudioVersion = 10.0.40219.1
Project("{2150E333-8FDC-42A3-9474-1A3956D46DE8}") = "Solution Items", "Solution Items", "{4A795A38-A379-46DD-A14B-EB051669BA78}"
EndProject
Project("{FAE04EC0-301F-11D3-BF4B-00C04F79EFBC}") = "Amnesty", "..\..\..\UnityProjects\Git\Homework\Amnesty\Amnesty.csproj", "{E4552361-FF25-4C49-8201-43793D71F8A3}"
EndProject
Project("{FAE04EC0-301F-11D3-BF4B-00C04F79EFBC}") = "AnarchyInTheHospital", "..\..\..\UnityProjects\Git\Homework\AnarchyInTheHospital\AnarchyInTheHospital.csproj", "{F3CA0611-ADB4-4FE7-9135-A8D3FB68BE5E}"
EndProject
Project("{FAE04EC0-301F-11D3-BF4B-00C04F79EFBC}") = "Application", "..\..\..\UnityProjects\Git\Homework\Application\Application.csproj", "{14F2EC52-3FDE-4636-BED3-599E89D1819D}"
EndProject
Project("{FAE04EC0-301F-11D3-BF4B-00C04F79EFBC}") = "Aquarium", "..\..\..\UnityProjects\Git\Homework\Aquarium\Aquarium.csproj", "{035E8E4C-06A6-4A2A-97A6-C62BAD4CAECB}"
EndProject
Project("{FAE04EC0-301F-11D3-BF4B-00C04F79EFBC}") = "ArmsReport", "..\..\..\UnityProjects\Git\Homework\ArmsReport\ArmsReport.csproj", "{F7575A78-F582-4587-8C4E-19AEE8021F9D}"
EndProject
Project("{FAE04EC0-301F-11D3-BF4B-00C04F79EFBC}") = "ArrayValueShifting", "..\..\..\UnityProjects\Git\Homework\ArrayValueShifting\ArrayValueShifting.csproj", "{D4CFA292-BB74-4B60-B1E5-CDE29DE2B795}"
EndProject
Project("{FAE04EC0-301F-11D3-BF4B-00C04F79EFBC}") = "Arrey", "..\..\..\UnityProjects\Git\Homework\Arrey\Arrey.csproj", "{6785A3C7-F0DC-42D0-9780-D379025229EC}"
EndProject
Project("{FAE04EC0-301F-11D3-BF4B-00C04F79EFBC}") = "BookStorage", "..\..\..\UnityProjects\Git\Homework\BookStorage\BookStorage.csproj", "{B3B7203A-1CB3-40C3-9BE7-9EF9709A4757}"
EndProject
Project("{FAE04EC0-301F-11D3-BF4B-00C04F79EFBC}") = "Bracket Expression", "..\..\..\UnityProjects\Git\Homework\Bracket Expression\Bracket Expression.csproj", "{B0B93836-9520-4496-B9B6-12F845B95A02}"
EndProject
Project("{FAE04EC0-301F-11D3-BF4B-00C04F79EFBC}") = "BraveNewWorld", "..\..\..\UnityProjects\Git\Homework\BraveNewWorld\BraveNewWorld.csproj", "{13540132-E8F6-42B5-B8FC-1C7D1C8737C4}"
EndProject
Project("{FAE04EC0-301F-11D3-BF4B-00C04F79EFBC}") = "DeckOfСards", "..\..\..\UnityProjects\Git\Homework\DeckOfСards\DeckOfСards.csproj", "{FC837790-C399-45AD-93A6-A54C8BB401CE}"
EndProject
Project("{FAE04EC0-301F-11D3-BF4B-00C04F79EFBC}") = "DefinitionOfOverdue", "..\..\..\UnityProjects\Git\Homework\DefinitionOfOverdue\DefinitionOfOverdue.csproj", "{51C29D6E-FF65-47D6-A14A-B0DDF3EC3FFA}"
EndProject
Project("{FAE04EC0-301F-11D3-BF4B-00C04F79EFBC}") = "Dictionary", "..\..\..\UnityProjects\Git\Homework\Dictionary\Dictionary.csproj", "{7620543F-131F-487D-9CCD-05D13A14D55E}"
EndProject
Project("{FAE04EC0-301F-11D3-BF4B-00C04F79EFBC}") = "DynamicArray", "..\..\..\UnityProjects\Git\Homework\DynamicArray\DynamicArray.csproj", "{10887931-2653-4FC5-9EFA-063217BD3CD8}"
EndProject
Project("{FAE04EC0-301F-11D3-BF4B-00C04F79EFBC}") = "FindLocalHighs", "..\..\..\UnityProjects\Git\Homework\FindLocalHighs\FindLocalHighs.csproj", "{BFC28E64-8EDC-436B-AD8B-72C8CABB76B6}"
EndProject
Project("{FAE04EC0-301F-11D3-BF4B-00C04F79EFBC}") = "GladiatorFights", "..\..\..\UnityProjects\Git\Homework\GladiatorFights\GladiatorFights.csproj", "{002BE8A7-4E7E-45EB-840C-F8957AC9F098}"
EndProject
Project("{FAE04EC0-301F-11D3-BF4B-00C04F79EFBC}") = "GoldAndCrystals", "..\..\..\UnityProjects\Git\Homework\GoldAndCrystals\GoldAndCrystals.csproj", "{2F4CC0CC-1069-4C7C-9C8A-1EAAD5ABE18D}"
EndProject
Project("{FAE04EC0-301F-11D3-BF4B-00C04F79EFBC}") = "KansasCityShuffle", "..\..\..\UnityProjects\Git\Homework\KansasCityShuffle\KansasCityShuffle.csproj", "{0CA48061-DF66-4F9C-B949-61A9D324DA68}"
EndProject
Project("{FAE04EC0-301F-11D3-BF4B-00C04F79EFBC}") = "LargestElement", "..\..\..\UnityProjects\Git\Homework\LargestElement\LargestElement.csproj", "{8F698BAB-807A-4F63-8A22-796E74EA41B5}"
EndProject
Project("{FAE04EC0-301F-11D3-BF4B-00C04F79EFBC}") = "MageVsBoss", "..\..\..\UnityProjects\Git\Homework\MageVsBoss\MageVsBoss.csproj", "{94B9D20C-0F02-4E44-9EE4-190D9C41D91D}"
EndProject
Project("{FAE04EC0-301F-11D3-BF4B-00C04F79EFBC}") = "MessageOutput", "..\..\..\UnityProjects\Git\Homework\MessageOutput\MessageOutput.csproj", "{CFF44131-E1F9-4EC8-BAE0-005B256E8A74}"
EndProject
Project("{FAE04EC0-301F-11D3-BF4B-00C04F79EFBC}") = "Multiples", "..\..\..\UnityProjects\Git\Homework\Multiples\Multiples.csproj", "{95DCEB9A-66FA-4403-B471-FF81446826F8}"
EndProject
Project("{FAE04EC0-301F-11D3-BF4B-00C04F79EFBC}") = "NameInRectangle", "..\..\..\UnityProjects\Git\Homework\NameInRectangle\NameInRectangle.csproj", "{BE5DDD9B-5931-4ECB-8499-7AEA434C8828}"
EndProject
Project("{FAE04EC0-301F-11D3-BF4B-00C04F79EFBC}") = "NewPersonnelAccounting", "..\..\..\UnityProjects\Git\Homework\NewPersonnelAccounting\NewPersonnelAccounting.csproj", "{FA549F3C-5C91-4203-A476-8C0038CB4C7F}"
EndProject
Project("{FAE04EC0-301F-11D3-BF4B-00C04F79EFBC}") = "NumberSorting", "..\..\..\UnityProjects\Git\Homework\NumberSorting\NumberSorting.csproj", "{0A0E075A-5E96-46F2-B2DB-D92524DE4FC3}"
EndProject
Project("{FAE04EC0-301F-11D3-BF4B-00C04F79EFBC}") = "PersonnelAccounting", "..\..\..\UnityProjects\Git\Homework\PersonnelAccounting\PersonnelAccounting.csproj", "{EEAD650E-C6F7-459F-A579-E17B4C847CC7}"
EndProject
Project("{FAE04EC0-301F-11D3-BF4B-00C04F79EFBC}") = "PlayerDatabase", "..\..\..\UnityProjects\Git\Homework\PlayerDatabase\PlayerDatabase.csproj", "{A61115B2-4148-4110-AE81-DA38C4D75F38}"
EndProject
Project("{FAE04EC0-301F-11D3-BF4B-00C04F79EFBC}") = "Polyclinic", "..\..\..\UnityProjects\Git\Homework\Polyclinic\Polyclinic.csproj", "{338BA041-F5EA-4D7F-835E-6D64B2A4BAE7}"
EndProject
Project("{FAE04EC0-301F-11D3-BF4B-00C04F79EFBC}") = "PowerOfTwo", "..\..\..\UnityProjects\Git\Homework\PowerOfTwo\PowerOfTwo.csproj", "{B96BC262-C3B6-4151-8F7E-47CB79C767C3}"
EndProject
Project("{FAE04EC0-301F-11D3-BF4B-00C04F79EFBC}") = "Questionnaire", "..\..\..\UnityProjects\Git\Homework\Questionnaire\Questionnaire.csproj", "{ECE30DC4-C01D-4C6E-8B86-BDD32AB14F7A}"
EndProject
Project("{FAE04EC0-301F-11D3-BF4B-00C04F79EFBC}") = "QueueToStore", "..\..\..\UnityProjects\Git\Homework\QueueToStore\QueueToStore.csproj", "{E6936D13-4CD1-446B-994E-1E21F7824155}"
EndProject
Project("{FAE04EC0-301F-11D3-BF4B-00C04F79EFBC}") = "ReadInt", "..\..\..\UnityProjects\Git\Homework\ReadInt\ReadInt.csproj", "{BA0CEFCC-809E-426C-917E-C8FB3FF785E6}"
EndProject
Project("{FAE04EC0-301F-11D3-BF4B-00C04F79EFBC}") = "RowsOfPictures", "..\..\..\UnityProjects\Git\Homework\RowsOfPictures\RowsOfPictures.csproj", "{5B180405-1B59-4FB7-B6DB-818BD5F06FE1}"
EndProject
Project("{FAE04EC0-301F-11D3-BF4B-00C04F79EFBC}") = "SearchForCiminal", "..\..\..\UnityProjects\Git\Homework\SearchForCiminal\SearchForCiminal.csproj", "{5DF00361-33EB-4D62-85FF-B890660A458E}"
EndProject
Project("{FAE04EC0-301F-11D3-BF4B-00C04F79EFBC}") = "SecretVariable", "..\..\..\UnityProjects\Git\Homework\SecretVariable\SecretVariable.csproj", "{96710D5D-067F-43D7-A07D-0B479AB832A6}"
EndProject
Project("{FAE04EC0-301F-11D3-BF4B-00C04F79EFBC}") = "SequenceOutput", "..\..\..\UnityProjects\Git\Homework\SequenceOutput\SequenceOutput.csproj", "{F5D46980-8B98-4C8A-B35C-FCB5DB962E43}"
EndProject
Project("{FAE04EC0-301F-11D3-BF4B-00C04F79EFBC}") = "SingleCollection", "..\..\..\UnityProjects\Git\Homework\SingleCollection\SingleCollection.csproj", "{3FDE86BB-9241-4ED4-8121-152C40C76B05}"
EndProject
Project("{FAE04EC0-301F-11D3-BF4B-00C04F79EFBC}") = "Split", "..\..\..\UnityProjects\Git\Homework\Split\Split.csproj", "{A2961ED7-AF7A-4BA5-89A4-2065C5F51100}"
EndProject
Project("{FAE04EC0-301F-11D3-BF4B-00C04F79EFBC}") = "StopWord", "..\..\..\UnityProjects\Git\Homework\StopWord\StopWord.csproj", "{7AD7BB34-263F-4A68-8657-09381C3D9D36}"
EndProject
Project("{FAE04EC0-301F-11D3-BF4B-00C04F79EFBC}") = "Store", "..\..\..\UnityProjects\Git\Homework\Store\Store.csproj", "{EEE11407-8DC6-4041-B4C8-510BE90F59B5}"
EndProject
Project("{FAE04EC0-301F-11D3-BF4B-00C04F79EFBC}") = "SubarrayOfRepeatedNumbers", "..\..\..\UnityProjects\Git\Homework\SubarrayOfRepeatedNumbers\SubarrayOfRepeatedNumbers.csproj", "{ADE11AB0-00E2-4A8A-9098-55B2A3AA8FA9}"
EndProject
Project("{FAE04EC0-301F-11D3-BF4B-00C04F79EFBC}") = "SumOfNumbers", "..\..\..\UnityProjects\Git\Homework\SumOfNumbers\SumOfNumbers.csproj", "{45631A2C-A027-4665-A4B4-0921F00FE20C}"
EndProject
Project("{FAE04EC0-301F-11D3-BF4B-00C04F79EFBC}") = "SumOfPositiveNumbers", "..\..\..\UnityProjects\Git\Homework\SumOfPositiveNumbers\SumOfPositiveNumbers.csproj", "{2D1CD14B-010D-4B62-B9FE-4D6FB81E832F}"
EndProject
Project("{FAE04EC0-301F-11D3-BF4B-00C04F79EFBC}") = "Supermarket", "..\..\..\UnityProjects\Git\Homework\Supermarket\Supermarket.csproj", "{594CC895-610D-4CB7-844A-9F5CAB8BC818}"
EndProject
Project("{FAE04EC0-301F-11D3-BF4B-00C04F79EFBC}") = "SwappingValues", "..\..\..\UnityProjects\Git\Homework\SwappingValues\SwappingValues.csproj", "{0C004D97-AF7A-48EF-A714-3AA63F25195B}"
EndProject
Project("{FAE04EC0-301F-11D3-BF4B-00C04F79EFBC}") = "TopPlayers", "..\..\..\UnityProjects\Git\Homework\TopPlayers\TopPlayers.csproj", "{0AE347AF-29DD-4F72-9985-DD1EDD91E573}"
EndProject
Project("{FAE04EC0-301F-11D3-BF4B-00C04F79EFBC}") = "TrainСonfigurator", "..\..\..\UnityProjects\Git\Homework\TrainСonfigurator\TrainСonfigurator.csproj", "{CF255D71-CB63-47BA-ACE5-AA2FBCD33909}"
EndProject
Project("{FAE04EC0-301F-11D3-BF4B-00C04F79EFBC}") = "TypesOfVariables", "..\..\..\UnityProjects\Git\Homework\TypesOfVariables\TypesOfVariables.csproj", "{C04EFD49-6B95-4E3B-B992-0C6E0CA06752}"
EndProject
Project("{FAE04EC0-301F-11D3-BF4B-00C04F79EFBC}") = "UIElement", "..\..\..\UnityProjects\Git\Homework\UIElement\UIElement.csproj", "{EC0416B4-0A43-48C8-BD35-C2A498555422}"
EndProject
Project("{FAE04EC0-301F-11D3-BF4B-00C04F79EFBC}") = "UnificationOfTroops", "..\..\..\UnityProjects\Git\Homework\UnificationOfTroops\UnificationOfTroops.csproj", "{C64AF85F-02D4-452C-A31D-4D0FBEE7995C}"
EndProject
Project("{FAE04EC0-301F-11D3-BF4B-00C04F79EFBC}") = "War", "..\..\..\UnityProjects\Git\Homework\War\War.csproj", "{0D000365-811A-4438-9837-B8094B41F191}"
EndProject
Project("{FAE04EC0-301F-11D3-BF4B-00C04F79EFBC}") = "WorkingWithClasses", "..\..\..\UnityProjects\Git\Homework\WorkingWithClasses\WorkingWithClasses.csproj", "{D6F13C6C-D99C-406C-9C26-EA9C75ECAEBE}"
EndProject
Project("{FAE04EC0-301F-11D3-BF4B-00C04F79EFBC}") = "WorkWithProperties", "..\..\..\UnityProjects\Git\Homework\WorkWithProperties\WorkWithProperties.csproj", "{E071FC32-3775-476F-A38A-34542D302724}"
EndProject
Project("{FAE04EC0-301F-11D3-BF4B-00C04F79EFBC}") = "Zoo", "..\..\..\UnityProjects\Git\Homework\Zoo\Zoo.csproj", "{CCF89C20-247F-4758-848B-94CC7E9A85A7}"
EndProject
Project("{FAE04EC0-301F-11D3-BF4B-00C04F79EFBC}") = "СarService", "..\..\..\UnityProjects\Git\Homework\СarService\СarService.csproj", "{2603FC3D-582D-403D-8476-1A6AAF04018B}"
EndProject
Project("{FAE04EC0-301F-11D3-BF4B-00C04F79EFBC}") = "СurrencyExchange", "..\..\..\UnityProjects\Git\Homework\СurrencyExchange\СurrencyExchange.csproj", "{5A309ABB-DEAF-46B7-8AB8-395C8130F0C8}"
EndProject
Global
	GlobalSection(SolutionConfigurationPlatforms) = preSolution
		Debug|Any CPU = Debug|Any CPU
		Release|Any CPU = Release|Any CPU
	EndGlobalSection
	GlobalSection(ProjectConfigurationPlatforms) = postSolution
		{E4552361-FF25-4C49-8201-43793D71F8A3}.Debug|Any CPU.ActiveCfg = Debug|Any CPU
		{E4552361-FF25-4C49-8201-43793D71F8A3}.Debug|Any CPU.Build.0 = Debug|Any CPU
		{E4552361-FF25-4C49-8201-43793D71F8A3}.Release|Any CPU.ActiveCfg = Release|Any CPU
		{E4552361-FF25-4C49-8201-43793D71F8A3}.Release|Any CPU.Build.0 = Release|Any CPU
		{F3CA0611-ADB4-4FE7-9135-A8D3FB68BE5E}.Debug|Any CPU.ActiveCfg = Debug|Any CPU
		{F3CA0611-ADB4-4FE7-9135-A8D3FB68BE5E}.Debug|Any CPU.Build.0 = Debug|Any CPU
		{F3CA0611-ADB4-4FE7-9135-A8D3FB68BE5E}.Release|Any CPU.ActiveCfg = Release|Any CPU
		{F3CA0611-ADB4-4FE7-9135-A8D3FB68BE5E}.Release|Any CPU.Build.0 = Release|Any CPU
		{14F2EC52-3FDE-4636-BED3-599E89D1819D}.Debug|Any CPU.ActiveCfg = Debug|Any CPU
		{14F2EC52-3FDE-4636-BED3-599E89D1819D}.Debug|Any CPU.Build.0 = Debug|Any CPU
		{14F2EC52-3FDE-4636-BED3-599E89D1819D}.Release|Any CPU.ActiveCfg = Release|Any CPU
		{14F2EC52-3FDE-4636-BED3-599E89D1819D}.Release|Any CPU.Build.0 = Release|Any CPU
		{035E8E4C-06A6-4A2A-97A6-C62BAD4CAECB}.Debug|Any CPU.ActiveCfg = Debug|Any CPU
		{035E8E4C-06A6-4A2A-97A6-C62BAD4CAECB}.Debug|Any CPU.Build.0 = Debug|Any CPU
		{035E8E4C-06A6-4A2A-97A6-C62BAD4CAECB}.Release|Any CPU.ActiveCfg = Release|Any CPU
		{035E8E4C-06A6-4A2A-97A6-C62BAD4CAECB}.Release|Any CPU.Build.0 = Release|Any CPU
		{F7575A78-F582-4587-8C4E-19AEE8021F9D}.Debug|Any CPU.ActiveCfg = Debug|Any CPU
		{F7575A78-F582-4587-8C4E-19AEE8021F9D}.Debug|Any CPU.Build.0 = Debug|Any CPU
		{F7575A78-F582-4587-8C4E-19AEE8021F9D}.Release|Any CPU.ActiveCfg = Release|Any CPU
		{F7575A78-F582-4587-8C4E-19AEE8021F9D}.Release|Any CPU.Build.0 = Release|Any CPU
		{D4CFA292-BB74-4B60-B1E5-CDE29DE2B795}.Debug|Any CPU.ActiveCfg = Debug|Any CPU
		{D4CFA292-BB74-4B60-B1E5-CDE29DE2B795}.Debug|Any CPU.Build.0 = Debug|Any CPU
		{D4CFA292-BB74-4B60-B1E5-CDE29DE2B795}.Release|Any CPU.ActiveCfg = Release|Any CPU
		{D4CFA292-BB74-4B60-B1E5-CDE29DE2B795}.Release|Any CPU.Build.0 = Release|Any CPU
		{6785A3C7-F0DC-42D0-9780-D379025229EC}.Debug|Any CPU.ActiveCfg = Debug|Any CPU
		{6785A3C7-F0DC-42D0-9780-D379025229EC}.Debug|Any CPU.Build.0 = Debug|Any CPU
		{6785A3C7-F0DC-42D0-9780-D379025229EC}.Release|Any CPU.ActiveCfg = Release|Any CPU
		{6785A3C7-F0DC-42D0-9780-D379025229EC}.Release|Any CPU.Build.0 = Release|Any CPU
		{B3B7203A-1CB3-40C3-9BE7-9EF9709A4757}.Debug|Any CPU.ActiveCfg = Debug|Any CPU
		{B3B7203A-1CB3-40C3-9BE7-9EF9709A4757}.Debug|Any CPU.Build.0 = Debug|Any CPU
		{B3B7203A-1CB3-40C3-9BE7-9EF9709A4757}.Release|Any CPU.ActiveCfg = Release|Any CPU
		{B3B7203A-1CB3-40C3-9BE7-9EF9709A4757}.Release|Any CPU.Build.0 = Release|Any CPU
		{B0B93836-9520-4496-B9B6-12F845B95A02}.Debug|Any CPU.ActiveCfg = Debug|Any CPU
		{B0B93836-9520-4496-B9B6-12F845B95A02}.Debug|Any CPU.Build.0 = Debug|Any CPU
		{B0B93836-9520-4496-B9B6-12F845B95A02}.Release|Any CPU.ActiveCfg = Release|Any CPU
		{B0B93836-9520-4496-B9B6-12F845B95A02}.Release|Any CPU.Build.0 = Release|Any CPU
		{13540132-E8F6-42B5-B8FC-1C7D1C8737C4}.Debug|Any CPU.ActiveCfg = Debug|Any CPU
		{13540132-E8F6-42B5-B8FC-1C7D1C8737C4}.Debug|Any CPU.Build.0 = Debug|Any CPU
		{13540132-E8F6-42B5-B8FC-1C7D1C8737C4}.Release|Any CPU.ActiveCfg = Release|Any CPU
		{13540132-E8F6-42B5-B8FC-1C7D1C8737C4}.Release|Any CPU.Build.0 = Release|Any CPU
		{FC837790-C399-45AD-93A6-A54C8BB401CE}.Debug|Any CPU.ActiveCfg = Debug|Any CPU
		{FC837790-C399-45AD-93A6-A54C8BB401CE}.Debug|Any CPU.Build.0 = Debug|Any CPU
		{FC837790-C399-45AD-93A6-A54C8BB401CE}.Release|Any CPU.ActiveCfg = Release|Any CPU
		{FC837790-C399-45AD-93A6-A54C8BB401CE}.Release|Any CPU.Build.0 = Release|Any CPU
		{51C29D6E-FF65-47D6-A14A-B0DDF3EC3FFA}.Debug|Any CPU.ActiveCfg = Debug|Any CPU
		{51C29D6E-FF65-47D6-A14A-B0DDF3EC3FFA}.Debug|Any CPU.Build.0 = Debug|Any CPU
		{51C29D6E-FF65-47D6-A14A-B0DDF3EC3FFA}.Release|Any CPU.ActiveCfg = Release|Any CPU
		{51C29D6E-FF65-47D6-A14A-B0DDF3EC3FFA}.Release|Any CPU.Build.0 = Release|Any CPU
		{7620543F-131F-487D-9CCD-05D13A14D55E}.Debug|Any CPU.ActiveCfg = Debug|Any CPU
		{7620543F-131F-487D-9CCD-05D13A14D55E}.Debug|Any CPU.Build.0 = Debug|Any CPU
		{7620543F-131F-487D-9CCD-05D13A14D55E}.Release|Any CPU.ActiveCfg = Release|Any CPU
		{7620543F-131F-487D-9CCD-05D13A14D55E}.Release|Any CPU.Build.0 = Release|Any CPU
		{10887931-2653-4FC5-9EFA-063217BD3CD8}.Debug|Any CPU.ActiveCfg = Debug|Any CPU
		{10887931-2653-4FC5-9EFA-063217BD3CD8}.Debug|Any CPU.Build.0 = Debug|Any CPU
		{10887931-2653-4FC5-9EFA-063217BD3CD8}.Release|Any CPU.ActiveCfg = Release|Any CPU
		{10887931-2653-4FC5-9EFA-063217BD3CD8}.Release|Any CPU.Build.0 = Release|Any CPU
		{BFC28E64-8EDC-436B-AD8B-72C8CABB76B6}.Debug|Any CPU.ActiveCfg = Debug|Any CPU
		{BFC28E64-8EDC-436B-AD8B-72C8CABB76B6}.Debug|Any CPU.Build.0 = Debug|Any CPU
		{BFC28E64-8EDC-436B-AD8B-72C8CABB76B6}.Release|Any CPU.ActiveCfg = Release|Any CPU
		{BFC28E64-8EDC-436B-AD8B-72C8CABB76B6}.Release|Any CPU.Build.0 = Release|Any CPU
		{002BE8A7-4E7E-45EB-840C-F8957AC9F098}.Debug|Any CPU.ActiveCfg = Debug|Any CPU
		{002BE8A7-4E7E-45EB-840C-F8957AC9F098}.Debug|Any CPU.Build.0 = Debug|Any CPU
		{002BE8A7-4E7E-45EB-840C-F8957AC9F098}.Release|Any CPU.ActiveCfg = Release|Any CPU
		{002BE8A7-4E7E-45EB-840C-F8957AC9F098}.Release|Any CPU.Build.0 = Release|Any CPU
		{2F4CC0CC-1069-4C7C-9C8A-1EAAD5ABE18D}.Debug|Any CPU.ActiveCfg = Debug|Any CPU
		{2F4CC0CC-1069-4C7C-9C8A-1EAAD5ABE18D}.Debug|Any CPU.Build.0 = Debug|Any CPU
		{2F4CC0CC-1069-4C7C-9C8A-1EAAD5ABE18D}.Release|Any CPU.ActiveCfg = Release|Any CPU
		{2F4CC0CC-1069-4C7C-9C8A-1EAAD5ABE18D}.Release|Any CPU.Build.0 = Release|Any CPU
		{0CA48061-DF66-4F9C-B949-61A9D324DA68}.Debug|Any CPU.ActiveCfg = Debug|Any CPU
		{0CA48061-DF66-4F9C-B949-61A9D324DA68}.Debug|Any CPU.Build.0 = Debug|Any CPU
		{0CA48061-DF66-4F9C-B949-61A9D324DA68}.Release|Any CPU.ActiveCfg = Release|Any CPU
		{0CA48061-DF66-4F9C-B949-61A9D324DA68}.Release|Any CPU.Build.0 = Release|Any CPU
		{8F698BAB-807A-4F63-8A22-796E74EA41B5}.Debug|Any CPU.ActiveCfg = Debug|Any CPU
		{8F698BAB-807A-4F63-8A22-796E74EA41B5}.Debug|Any CPU.Build.0 = Debug|Any CPU
		{8F698BAB-807A-4F63-8A22-796E74EA41B5}.Release|Any CPU.ActiveCfg = Release|Any CPU
		{8F698BAB-807A-4F63-8A22-796E74EA41B5}.Release|Any CPU.Build.0 = Release|Any CPU
		{94B9D20C-0F02-4E44-9EE4-190D9C41D91D}.Debug|Any CPU.ActiveCfg = Debug|Any CPU
		{94B9D20C-0F02-4E44-9EE4-190D9C41D91D}.Debug|Any CPU.Build.0 = Debug|Any CPU
		{94B9D20C-0F02-4E44-9EE4-190D9C41D91D}.Release|Any CPU.ActiveCfg = Release|Any CPU
		{94B9D20C-0F02-4E44-9EE4-190D9C41D91D}.Release|Any CPU.Build.0 = Release|Any CPU
		{CFF44131-E1F9-4EC8-BAE0-005B256E8A74}.Debug|Any CPU.ActiveCfg = Debug|Any CPU
		{CFF44131-E1F9-4EC8-BAE0-005B256E8A74}.Debug|Any CPU.Build.0 = Debug|Any CPU
		{CFF44131-E1F9-4EC8-BAE0-005B256E8A74}.Release|Any CPU.ActiveCfg = Release|Any CPU
		{CFF44131-E1F9-4EC8-BAE0-005B256E8A74}.Release|Any CPU.Build.0 = Release|Any CPU
		{95DCEB9A-66FA-4403-B471-FF81446826F8}.Debug|Any CPU.ActiveCfg = Debug|Any CPU
		{95DCEB9A-66FA-4403-B471-FF81446826F8}.Debug|Any CPU.Build.0 = Debug|Any CPU
		{95DCEB9A-66FA-4403-B471-FF81446826F8}.Release|Any CPU.ActiveCfg = Release|Any CPU
		{95DCEB9A-66FA-4403-B471-FF81446826F8}.Release|Any CPU.Build.0 = Release|Any CPU
		{BE5DDD9B-5931-4ECB-8499-7AEA434C8828}.Debug|Any CPU.ActiveCfg = Debug|Any CPU
		{BE5DDD9B-5931-4ECB-8499-7AEA434C8828}.Debug|Any CPU.Build.0 = Debug|Any CPU
		{BE5DDD9B-5931-4ECB-8499-7AEA434C8828}.Release|Any CPU.ActiveCfg = Release|Any CPU
		{BE5DDD9B-5931-4ECB-8499-7AEA434C8828}.Release|Any CPU.Build.0 = Release|Any CPU
		{FA549F3C-5C91-4203-A476-8C0038CB4C7F}.Debug|Any CPU.ActiveCfg = Debug|Any CPU
		{FA549F3C-5C91-4203-A476-8C0038CB4C7F}.Debug|Any CPU.Build.0 = Debug|Any CPU
		{FA549F3C-5C91-4203-A476-8C0038CB4C7F}.Release|Any CPU.ActiveCfg = Release|Any CPU
		{FA549F3C-5C91-4203-A476-8C0038CB4C7F}.Release|Any CPU.Build.0 = Release|Any CPU
		{0A0E075A-5E96-46F2-B2DB-D92524DE4FC3}.Debug|Any CPU.ActiveCfg = Debug|Any CPU
		{0A0E075A-5E96-46F2-B2DB-D92524DE4FC3}.Debug|Any CPU.Build.0 = Debug|Any CPU
		{0A0E075A-5E96-46F2-B2DB-D92524DE4FC3}.Release|Any CPU.ActiveCfg = Release|Any CPU
		{0A0E075A-5E96-46F2-B2DB-D92524DE4FC3}.Release|Any CPU.Build.0 = Release|Any CPU
		{EEAD650E-C6F7-459F-A579-E17B4C847CC7}.Debug|Any CPU.ActiveCfg = Debug|Any CPU
		{EEAD650E-C6F7-459F-A579-E17B4C847CC7}.Debug|Any CPU.Build.0 = Debug|Any CPU
		{EEAD650E-C6F7-459F-A579-E17B4C847CC7}.Release|Any CPU.ActiveCfg = Release|Any CPU
		{EEAD650E-C6F7-459F-A579-E17B4C847CC7}.Release|Any CPU.Build.0 = Release|Any CPU
		{A61115B2-4148-4110-AE81-DA38C4D75F38}.Debug|Any CPU.ActiveCfg = Debug|Any CPU
		{A61115B2-4148-4110-AE81-DA38C4D75F38}.Debug|Any CPU.Build.0 = Debug|Any CPU
		{A61115B2-4148-4110-AE81-DA38C4D75F38}.Release|Any CPU.ActiveCfg = Release|Any CPU
		{A61115B2-4148-4110-AE81-DA38C4D75F38}.Release|Any CPU.Build.0 = Release|Any CPU
		{338BA041-F5EA-4D7F-835E-6D64B2A4BAE7}.Debug|Any CPU.ActiveCfg = Debug|Any CPU
		{338BA041-F5EA-4D7F-835E-6D64B2A4BAE7}.Debug|Any CPU.Build.0 = Debug|Any CPU
		{338BA041-F5EA-4D7F-835E-6D64B2A4BAE7}.Release|Any CPU.ActiveCfg = Release|Any CPU
		{338BA041-F5EA-4D7F-835E-6D64B2A4BAE7}.Release|Any CPU.Build.0 = Release|Any CPU
		{B96BC262-C3B6-4151-8F7E-47CB79C767C3}.Debug|Any CPU.ActiveCfg = Debug|Any CPU
		{B96BC262-C3B6-4151-8F7E-47CB79C767C3}.Debug|Any CPU.Build.0 = Debug|Any CPU
		{B96BC262-C3B6-4151-8F7E-47CB79C767C3}.Release|Any CPU.ActiveCfg = Release|Any CPU
		{B96BC262-C3B6-4151-8F7E-47CB79C767C3}.Release|Any CPU.Build.0 = Release|Any CPU
		{ECE30DC4-C01D-4C6E-8B86-BDD32AB14F7A}.Debug|Any CPU.ActiveCfg = Debug|Any CPU
		{ECE30DC4-C01D-4C6E-8B86-BDD32AB14F7A}.Debug|Any CPU.Build.0 = Debug|Any CPU
		{ECE30DC4-C01D-4C6E-8B86-BDD32AB14F7A}.Release|Any CPU.ActiveCfg = Release|Any CPU
		{ECE30DC4-C01D-4C6E-8B86-BDD32AB14F7A}.Release|Any CPU.Build.0 = Release|Any CPU
		{E6936D13-4CD1-446B-994E-1E21F7824155}.Debug|Any CPU.ActiveCfg = Debug|Any CPU
		{E6936D13-4CD1-446B-994E-1E21F7824155}.Debug|Any CPU.Build.0 = Debug|Any CPU
		{E6936D13-4CD1-446B-994E-1E21F7824155}.Release|Any CPU.ActiveCfg = Release|Any CPU
		{E6936D13-4CD1-446B-994E-1E21F7824155}.Release|Any CPU.Build.0 = Release|Any CPU
		{BA0CEFCC-809E-426C-917E-C8FB3FF785E6}.Debug|Any CPU.ActiveCfg = Debug|Any CPU
		{BA0CEFCC-809E-426C-917E-C8FB3FF785E6}.Debug|Any CPU.Build.0 = Debug|Any CPU
		{BA0CEFCC-809E-426C-917E-C8FB3FF785E6}.Release|Any CPU.ActiveCfg = Release|Any CPU
		{BA0CEFCC-809E-426C-917E-C8FB3FF785E6}.Release|Any CPU.Build.0 = Release|Any CPU
		{5B180405-1B59-4FB7-B6DB-818BD5F06FE1}.Debug|Any CPU.ActiveCfg = Debug|Any CPU
		{5B180405-1B59-4FB7-B6DB-818BD5F06FE1}.Debug|Any CPU.Build.0 = Debug|Any CPU
		{5B180405-1B59-4FB7-B6DB-818BD5F06FE1}.Release|Any CPU.ActiveCfg = Release|Any CPU
		{5B180405-1B59-4FB7-B6DB-818BD5F06FE1}.Release|Any CPU.Build.0 = Release|Any CPU
		{5DF00361-33EB-4D62-85FF-B890660A458E}.Debug|Any CPU.ActiveCfg = Debug|Any CPU
		{5DF00361-33EB-4D62-85FF-B890660A458E}.Debug|Any CPU.Build.0 = Debug|Any CPU
		{5DF00361-33EB-4D62-85FF-B890660A458E}.Release|Any CPU.ActiveCfg = Release|Any CPU
		{5DF00361-33EB-4D62-85FF-B890660A458E}.Release|Any CPU.Build.0 = Release|Any CPU
		{96710D5D-067F-43D7-A07D-0B479AB832A6}.Debug|Any CPU.ActiveCfg = Debug|Any CPU
		{96710D5D-067F-43D7-A07D-0B479AB832A6}.Debug|Any CPU.Build.0 = Debug|Any CPU
		{96710D5D-067F-43D7-A07D-0B479AB832A6}.Release|Any CPU.ActiveCfg = Release|Any CPU
		{96710D5D-067F-43D7-A07D-0B479AB832A6}.Release|Any CPU.Build.0 = Release|Any CPU
		{F5D46980-8B98-4C8A-B35C-FCB5DB962E43}.Debug|Any CPU.ActiveCfg = Debug|Any CPU
		{F5D46980-8B98-4C8A-B35C-FCB5DB962E43}.Debug|Any CPU.Build.0 = Debug|Any CPU
		{F5D46980-8B98-4C8A-B35C-FCB5DB962E43}.Release|Any CPU.ActiveCfg = Release|Any CPU
		{F5D46980-8B98-4C8A-B35C-FCB5DB962E43}.Release|Any CPU.Build.0 = Release|Any CPU
		{3FDE86BB-9241-4ED4-8121-152C40C76B05}.Debug|Any CPU.ActiveCfg = Debug|Any CPU
		{3FDE86BB-9241-4ED4-8121-152C40C76B05}.Debug|Any CPU.Build.0 = Debug|Any CPU
		{3FDE86BB-9241-4ED4-8121-152C40C76B05}.Release|Any CPU.ActiveCfg = Release|Any CPU
		{3FDE86BB-9241-4ED4-8121-152C40C76B05}.Release|Any CPU.Build.0 = Release|Any CPU
		{A2961ED7-AF7A-4BA5-89A4-2065C5F51100}.Debug|Any CPU.ActiveCfg = Debug|Any CPU
		{A2961ED7-AF7A-4BA5-89A4-2065C5F51100}.Debug|Any CPU.Build.0 = Debug|Any CPU
		{A2961ED7-AF7A-4BA5-89A4-2065C5F51100}.Release|Any CPU.ActiveCfg = Release|Any CPU
		{A2961ED7-AF7A-4BA5-89A4-2065C5F51100}.Release|Any CPU.Build.0 = Release|Any CPU
		{7AD7BB34-263F-4A68-8657-09381C3D9D36}.Debug|Any CPU.ActiveCfg = Debug|Any CPU
		{7AD7BB34-263F-4A68-8657-09381C3D9D36}.Debug|Any CPU.Build.0 = Debug|Any CPU
		{7AD7BB34-263F-4A68-8657-09381C3D9D36}.Release|Any CPU.ActiveCfg = Release|Any CPU
		{7AD7BB34-263F-4A68-8657-09381C3D9D36}.Release|Any CPU.Build.0 = Release|Any CPU
		{EEE11407-8DC6-4041-B4C8-510BE90F59B5}.Debug|Any CPU.ActiveCfg = Debug|Any CPU
		{EEE11407-8DC6-4041-B4C8-510BE90F59B5}.Debug|Any CPU.Build.0 = Debug|Any CPU
		{EEE11407-8DC6-4041-B4C8-510BE90F59B5}.Release|Any CPU.ActiveCfg = Release|Any CPU
		{EEE11407-8DC6-4041-B4C8-510BE90F59B5}.Release|Any CPU.Build.0 = Release|Any CPU
		{ADE11AB0-00E2-4A8A-9098-55B2A3AA8FA9}.Debug|Any CPU.ActiveCfg = Debug|Any CPU
		{ADE11AB0-00E2-4A8A-9098-55B2A3AA8FA9}.Debug|Any CPU.Build.0 = Debug|Any CPU
		{ADE11AB0-00E2-4A8A-9098-55B2A3AA8FA9}.Release|Any CPU.ActiveCfg = Release|Any CPU
		{ADE11AB0-00E2-4A8A-9098-55B2A3AA8FA9}.Release|Any CPU.Build.0 = Release|Any CPU
		{45631A2C-A027-4665-A4B4-0921F00FE20C}.Debug|Any CPU.ActiveCfg = Debug|Any CPU
		{45631A2C-A027-4665-A4B4-0921F00FE20C}.Debug|Any CPU.Build.0 = Debug|Any CPU
		{45631A2C-A027-4665-A4B4-0921F00FE20C}.Release|Any CPU.ActiveCfg = Release|Any CPU
		{45631A2C-A027-4665-A4B4-0921F00FE20C}.Release|Any CPU.Build.0 = Release|Any CPU
		{2D1CD14B-010D-4B62-B9FE-4D6FB81E832F}.Debug|Any CPU.ActiveCfg = Debug|Any CPU
		{2D1CD14B-010D-4B62-B9FE-4D6FB81E832F}.Debug|Any CPU.Build.0 = Debug|Any CPU
		{2D1CD14B-010D-4B62-B9FE-4D6FB81E832F}.Release|Any CPU.ActiveCfg = Release|Any CPU
		{2D1CD14B-010D-4B62-B9FE-4D6FB81E832F}.Release|Any CPU.Build.0 = Release|Any CPU
		{594CC895-610D-4CB7-844A-9F5CAB8BC818}.Debug|Any CPU.ActiveCfg = Debug|Any CPU
		{594CC895-610D-4CB7-844A-9F5CAB8BC818}.Debug|Any CPU.Build.0 = Debug|Any CPU
		{594CC895-610D-4CB7-844A-9F5CAB8BC818}.Release|Any CPU.ActiveCfg = Release|Any CPU
		{594CC895-610D-4CB7-844A-9F5CAB8BC818}.Release|Any CPU.Build.0 = Release|Any CPU
		{0C004D97-AF7A-48EF-A714-3AA63F25195B}.Debug|Any CPU.ActiveCfg = Debug|Any CPU
		{0C004D97-AF7A-48EF-A714-3AA63F25195B}.Debug|Any CPU.Build.0 = Debug|Any CPU
		{0C004D97-AF7A-48EF-A714-3AA63F25195B}.Release|Any CPU.ActiveCfg = Release|Any CPU
		{0C004D97-AF7A-48EF-A714-3AA63F25195B}.Release|Any CPU.Build.0 = Release|Any CPU
		{0AE347AF-29DD-4F72-9985-DD1EDD91E573}.Debug|Any CPU.ActiveCfg = Debug|Any CPU
		{0AE347AF-29DD-4F72-9985-DD1EDD91E573}.Debug|Any CPU.Build.0 = Debug|Any CPU
		{0AE347AF-29DD-4F72-9985-DD1EDD91E573}.Release|Any CPU.ActiveCfg = Release|Any CPU
		{0AE347AF-29DD-4F72-9985-DD1EDD91E573}.Release|Any CPU.Build.0 = Release|Any CPU
		{CF255D71-CB63-47BA-ACE5-AA2FBCD33909}.Debug|Any CPU.ActiveCfg = Debug|Any CPU
		{CF255D71-CB63-47BA-ACE5-AA2FBCD33909}.Debug|Any CPU.Build.0 = Debug|Any CPU
		{CF255D71-CB63-47BA-ACE5-AA2FBCD33909}.Release|Any CPU.ActiveCfg = Release|Any CPU
		{CF255D71-CB63-47BA-ACE5-AA2FBCD33909}.Release|Any CPU.Build.0 = Release|Any CPU
		{C04EFD49-6B95-4E3B-B992-0C6E0CA06752}.Debug|Any CPU.ActiveCfg = Debug|Any CPU
		{C04EFD49-6B95-4E3B-B992-0C6E0CA06752}.Debug|Any CPU.Build.0 = Debug|Any CPU
		{C04EFD49-6B95-4E3B-B992-0C6E0CA06752}.Release|Any CPU.ActiveCfg = Release|Any CPU
		{C04EFD49-6B95-4E3B-B992-0C6E0CA06752}.Release|Any CPU.Build.0 = Release|Any CPU
		{EC0416B4-0A43-48C8-BD35-C2A498555422}.Debug|Any CPU.ActiveCfg = Debug|Any CPU
		{EC0416B4-0A43-48C8-BD35-C2A498555422}.Debug|Any CPU.Build.0 = Debug|Any CPU
		{EC0416B4-0A43-48C8-BD35-C2A498555422}.Release|Any CPU.ActiveCfg = Release|Any CPU
		{EC0416B4-0A43-48C8-BD35-C2A498555422}.Release|Any CPU.Build.0 = Release|Any CPU
		{C64AF85F-02D4-452C-A31D-4D0FBEE7995C}.Debug|Any CPU.ActiveCfg = Debug|Any CPU
		{C64AF85F-02D4-452C-A31D-4D0FBEE7995C}.Debug|Any CPU.Build.0 = Debug|Any CPU
		{C64AF85F-02D4-452C-A31D-4D0FBEE7995C}.Release|Any CPU.ActiveCfg = Release|Any CPU
		{C64AF85F-02D4-452C-A31D-4D0FBEE7995C}.Release|Any CPU.Build.0 = Release|Any CPU
		{0D000365-811A-4438-9837-B8094B41F191}.Debug|Any CPU.ActiveCfg = Debug|Any CPU
		{0D000365-811A-4438-9837-B8094B41F191}.Debug|Any CPU.Build.0 = Debug|Any CPU
		{0D000365-811A-4438-9837-B8094B41F191}.Release|Any CPU.ActiveCfg = Release|Any CPU
		{0D000365-811A-4438-9837-B8094B41F191}.Release|Any CPU.Build.0 = Release|Any CPU
		{D6F13C6C-D99C-406C-9C26-EA9C75ECAEBE}.Debug|Any CPU.ActiveCfg = Debug|Any CPU
		{D6F13C6C-D99C-406C-9C26-EA9C75ECAEBE}.Debug|Any CPU.Build.0 = Debug|Any CPU
		{D6F13C6C-D99C-406C-9C26-EA9C75ECAEBE}.Release|Any CPU.ActiveCfg = Release|Any CPU
		{D6F13C6C-D99C-406C-9C26-EA9C75ECAEBE}.Release|Any CPU.Build.0 = Release|Any CPU
		{E071FC32-3775-476F-A38A-34542D302724}.Debug|Any CPU.ActiveCfg = Debug|Any CPU
		{E071FC32-3775-476F-A38A-34542D302724}.Debug|Any CPU.Build.0 = Debug|Any CPU
		{E071FC32-3775-476F-A38A-34542D302724}.Release|Any CPU.ActiveCfg = Release|Any CPU
		{E071FC32-3775-476F-A38A-34542D302724}.Release|Any CPU.Build.0 = Release|Any CPU
		{CCF89C20-247F-4758-848B-94CC7E9A85A7}.Debug|Any CPU.ActiveCfg = Debug|Any CPU
		{CCF89C20-247F-4758-848B-94CC7E9A85A7}.Debug|Any CPU.Build.0 = Debug|Any CPU
		{CCF89C20-247F-4758-848B-94CC7E9A85A7}.Release|Any CPU.ActiveCfg = Release|Any CPU
		{CCF89C20-247F-4758-848B-94CC7E9A85A7}.Release|Any CPU.Build.0 = Release|Any CPU
		{2603FC3D-582D-403D-8476-1A6AAF04018B}.Debug|Any CPU.ActiveCfg = Debug|Any CPU
		{2603FC3D-582D-403D-8476-1A6AAF04018B}.Debug|Any CPU.Build.0 = Debug|Any CPU
		{2603FC3D-582D-403D-8476-1A6AAF04018B}.Release|Any CPU.ActiveCfg = Release|Any CPU
		{2603FC3D-582D-403D-8476-1A6AAF04018B}.Release|Any CPU.Build.0 = Release|Any CPU
		{5A309ABB-DEAF-46B7-8AB8-395C8130F0C8}.Debug|Any CPU.ActiveCfg = Debug|Any CPU
		{5A309ABB-DEAF-46B7-8AB8-395C8130F0C8}.Debug|Any CPU.Build.0 = Debug|Any CPU
		{5A309ABB-DEAF-46B7-8AB8-395C8130F0C8}.Release|Any CPU.ActiveCfg = Release|Any CPU
		{5A309ABB-DEAF-46B7-8AB8-395C8130F0C8}.Release|Any CPU.Build.0 = Release|Any CPU
	EndGlobalSection
	GlobalSection(SolutionProperties) = preSolution
		HideSolutionNode = FALSE
	EndGlobalSection
	GlobalSection(NestedProjects) = preSolution
		{E4552361-FF25-4C49-8201-43793D71F8A3} = {4A795A38-A379-46DD-A14B-EB051669BA78}
		{F3CA0611-ADB4-4FE7-9135-A8D3FB68BE5E} = {4A795A38-A379-46DD-A14B-EB051669BA78}
		{14F2EC52-3FDE-4636-BED3-599E89D1819D} = {4A795A38-A379-46DD-A14B-EB051669BA78}
		{035E8E4C-06A6-4A2A-97A6-C62BAD4CAECB} = {4A795A38-A379-46DD-A14B-EB051669BA78}
		{F7575A78-F582-4587-8C4E-19AEE8021F9D} = {4A795A38-A379-46DD-A14B-EB051669BA78}
		{D4CFA292-BB74-4B60-B1E5-CDE29DE2B795} = {4A795A38-A379-46DD-A14B-EB051669BA78}
		{6785A3C7-F0DC-42D0-9780-D379025229EC} = {4A795A38-A379-46DD-A14B-EB051669BA78}
		{B3B7203A-1CB3-40C3-9BE7-9EF9709A4757} = {4A795A38-A379-46DD-A14B-EB051669BA78}
		{B0B93836-9520-4496-B9B6-12F845B95A02} = {4A795A38-A379-46DD-A14B-EB051669BA78}
		{13540132-E8F6-42B5-B8FC-1C7D1C8737C4} = {4A795A38-A379-46DD-A14B-EB051669BA78}
		{FC837790-C399-45AD-93A6-A54C8BB401CE} = {4A795A38-A379-46DD-A14B-EB051669BA78}
		{51C29D6E-FF65-47D6-A14A-B0DDF3EC3FFA} = {4A795A38-A379-46DD-A14B-EB051669BA78}
		{7620543F-131F-487D-9CCD-05D13A14D55E} = {4A795A38-A379-46DD-A14B-EB051669BA78}
		{10887931-2653-4FC5-9EFA-063217BD3CD8} = {4A795A38-A379-46DD-A14B-EB051669BA78}
		{BFC28E64-8EDC-436B-AD8B-72C8CABB76B6} = {4A795A38-A379-46DD-A14B-EB051669BA78}
		{002BE8A7-4E7E-45EB-840C-F8957AC9F098} = {4A795A38-A379-46DD-A14B-EB051669BA78}
		{2F4CC0CC-1069-4C7C-9C8A-1EAAD5ABE18D} = {4A795A38-A379-46DD-A14B-EB051669BA78}
		{0CA48061-DF66-4F9C-B949-61A9D324DA68} = {4A795A38-A379-46DD-A14B-EB051669BA78}
		{8F698BAB-807A-4F63-8A22-796E74EA41B5} = {4A795A38-A379-46DD-A14B-EB051669BA78}
		{94B9D20C-0F02-4E44-9EE4-190D9C41D91D} = {4A795A38-A379-46DD-A14B-EB051669BA78}
		{CFF44131-E1F9-4EC8-BAE0-005B256E8A74} = {4A795A38-A379-46DD-A14B-EB051669BA78}
		{95DCEB9A-66FA-4403-B471-FF81446826F8} = {4A795A38-A379-46DD-A14B-EB051669BA78}
		{BE5DDD9B-5931-4ECB-8499-7AEA434C8828} = {4A795A38-A379-46DD-A14B-EB051669BA78}
		{FA549F3C-5C91-4203-A476-8C0038CB4C7F} = {4A795A38-A379-46DD-A14B-EB051669BA78}
		{0A0E075A-5E96-46F2-B2DB-D92524DE4FC3} = {4A795A38-A379-46DD-A14B-EB051669BA78}
		{EEAD650E-C6F7-459F-A579-E17B4C847CC7} = {4A795A38-A379-46DD-A14B-EB051669BA78}
		{A61115B2-4148-4110-AE81-DA38C4D75F38} = {4A795A38-A379-46DD-A14B-EB051669BA78}
		{338BA041-F5EA-4D7F-835E-6D64B2A4BAE7} = {4A795A38-A379-46DD-A14B-EB051669BA78}
		{B96BC262-C3B6-4151-8F7E-47CB79C767C3} = {4A795A38-A379-46DD-A14B-EB051669BA78}
		{ECE30DC4-C01D-4C6E-8B86-BDD32AB14F7A} = {4A795A38-A379-46DD-A14B-EB051669BA78}
		{E6936D13-4CD1-446B-994E-1E21F7824155} = {4A795A38-A379-46DD-A14B-EB051669BA78}
		{BA0CEFCC-809E-426C-917E-C8FB3FF785E6} = {4A795A38-A379-46DD-A14B-EB051669BA78}
		{5B180405-1B59-4FB7-B6DB-818BD5F06FE1} = {4A795A38-A379-46DD-A14B-EB051669BA78}
		{5DF00361-33EB-4D62-85FF-B890660A458E} = {4A795A38-A379-46DD-A14B-EB051669BA78}
		{96710D5D-067F-43D7-A07D-0B479AB832A6} = {4A795A38-A379-46DD-A14B-EB051669BA78}
		{F5D46980-8B98-4C8A-B35C-FCB5DB962E43} = {4A795A38-A379-46DD-A14B-EB051669BA78}
		{3FDE86BB-9241-4ED4-8121-152C40C76B05} = {4A795A38-A379-46DD-A14B-EB051669BA78}
		{A2961ED7-AF7A-4BA5-89A4-2065C5F51100} = {4A795A38-A379-46DD-A14B-EB051669BA78}
		{7AD7BB34-263F-4A68-8657-09381C3D9D36} = {4A795A38-A379-46DD-A14B-EB051669BA78}
		{EEE11407-8DC6-4041-B4C8-510BE90F59B5} = {4A795A38-A379-46DD-A14B-EB051669BA78}
		{ADE11AB0-00E2-4A8A-9098-55B2A3AA8FA9} = {4A795A38-A379-46DD-A14B-EB051669BA78}
		{45631A2C-A027-4665-A4B4-0921F00FE20C} = {4A795A38-A379-46DD-A14B-EB051669BA78}
		{2D1CD14B-010D-4B62-B9FE-4D6FB81E832F} = {4A795A38-A379-46DD-A14B-EB051669BA78}
		{594CC895-610D-4CB7-844A-9F5CAB8BC818} = {4A795A38-A379-46DD-A14B-EB051669BA78}
		{0C004D97-AF7A-48EF-A714-3AA63F25195B} = {4A795A38-A379-46DD-A14B-EB051669BA78}
		{0AE347AF-29DD-4F72-9985-DD1EDD91E573} = {4A795A38-A379-46DD-A14B-EB051669BA78}
		{CF255D71-CB63-47BA-ACE5-AA2FBCD33909} = {4A795A38-A379-46DD-A14B-EB051669BA78}
		{C04EFD49-6B95-4E3B-B992-0C6E0CA06752} = {4A795A38-A379-46DD-A14B-EB051669BA78}
		{EC0416B4-0A43-48C8-BD35-C2A498555422} = {4A795A38-A379-46DD-A14B-EB051669BA78}
		{C64AF85F-02D4-452C-A31D-4D0FBEE7995C} = {4A795A38-A379-46DD-A14B-EB051669BA78}
		{0D000365-811A-4438-9837-B8094B41F191} = {4A795A38-A379-46DD-A14B-EB051669BA78}
		{D6F13C6C-D99C-406C-9C26-EA9C75ECAEBE} = {4A795A38-A379-46DD-A14B-EB051669BA78}
		{E071FC32-3775-476F-A38A-34542D302724} = {4A795A38-A379-46DD-A14B-EB051669BA78}
		{CCF89C20-247F-4758-848B-94CC7E9A85A7} = {4A795A38-A379-46DD-A14B-EB051669BA78}
		{2603FC3D-582D-403D-8476-1A6AAF04018B} = {4A795A38-A379-46DD-A14B-EB051669BA78}
		{5A309ABB-DEAF-46B7-8AB8-395C8130F0C8} = {4A795A38-A379-46DD-A14B-EB051669BA78}
	EndGlobalSection
	GlobalSection(ExtensibilityGlobals) = postSolution
		SolutionGuid = {5430E260-F855-4C4A-919E-1295703AFFC2}
	EndGlobalSection
EndGlobal
