
Microsoft Visual Studio Solution File, Format Version 12.00
# Visual Studio Version 16
VisualStudioVersion = 16.0.810.17
MinimumVisualStudioVersion = 10.0.40219.1
Project("{FAE04EC0-301F-11D3-BF4B-00C04F79EFBC}") = "TypesOfVariables", "TypesOfVariables\TypesOfVariables.csproj", "{C04EFD49-6B95-4E3B-B992-0C6E0CA06752}"
EndProject
Project("{FAE04EC0-301F-11D3-BF4B-00C04F79EFBC}") = "RowsOfPictures", "RowsOfPictures\RowsOfPictures.csproj", "{5B180405-1B59-4FB7-B6DB-818BD5F06FE1}"
EndProject
Project("{FAE04EC0-301F-11D3-BF4B-00C04F79EFBC}") = "GoldAndCrystals", "GoldAndCrystals\GoldAndCrystals.csproj", "{2F4CC0CC-1069-4C7C-9C8A-1EAAD5ABE18D}"
EndProject
Project("{FAE04EC0-301F-11D3-BF4B-00C04F79EFBC}") = "Questionnaire", "Questionnaire\Questionnaire.csproj", "{ECE30DC4-C01D-4C6E-8B86-BDD32AB14F7A}"
EndProject
Project("{FAE04EC0-301F-11D3-BF4B-00C04F79EFBC}") = "MessageOutput", "MessageOutput\MessageOutput.csproj", "{CFF44131-E1F9-4EC8-BAE0-005B256E8A74}"
EndProject
Project("{FAE04EC0-301F-11D3-BF4B-00C04F79EFBC}") = "StopWord", "StopWord\StopWord.csproj", "{7AD7BB34-263F-4A68-8657-09381C3D9D36}"
EndProject
Project("{FAE04EC0-301F-11D3-BF4B-00C04F79EFBC}") = "СurrencyExchange", "СurrencyExchange\СurrencyExchange.csproj", "{5A309ABB-DEAF-46B7-8AB8-395C8130F0C8}"
EndProject
Project("{FAE04EC0-301F-11D3-BF4B-00C04F79EFBC}") = "Polyclinic", "Polyclinic\Polyclinic.csproj", "{338BA041-F5EA-4D7F-835E-6D64B2A4BAE7}"
EndProject
Project("{FAE04EC0-301F-11D3-BF4B-00C04F79EFBC}") = "Application", "Application\Application.csproj", "{14F2EC52-3FDE-4636-BED3-599E89D1819D}"
EndProject
Project("{FAE04EC0-301F-11D3-BF4B-00C04F79EFBC}") = "SequenceOutput", "SequenceOutput\SequenceOutput.csproj", "{F5D46980-8B98-4C8A-B35C-FCB5DB962E43}"
EndProject
Project("{FAE04EC0-301F-11D3-BF4B-00C04F79EFBC}") = "NameInRectangle", "NameInRectangle\NameInRectangle.csproj", "{BE5DDD9B-5931-4ECB-8499-7AEA434C8828}"
EndProject
Project("{FAE04EC0-301F-11D3-BF4B-00C04F79EFBC}") = "SecretVariable", "SecretVariable\SecretVariable.csproj", "{96710D5D-067F-43D7-A07D-0B479AB832A6}"
EndProject
Project("{FAE04EC0-301F-11D3-BF4B-00C04F79EFBC}") = "MageVsBoss", "MageVsBoss\MageVsBoss.csproj", "{94B9D20C-0F02-4E44-9EE4-190D9C41D91D}"
EndProject
Project("{FAE04EC0-301F-11D3-BF4B-00C04F79EFBC}") = "Arrey", "Arrey\Arrey.csproj", "{6785A3C7-F0DC-42D0-9780-D379025229EC}"
EndProject
Project("{FAE04EC0-301F-11D3-BF4B-00C04F79EFBC}") = "LargestElement", "LargestElement\LargestElement.csproj", "{8F698BAB-807A-4F63-8A22-796E74EA41B5}"
EndProject
Project("{FAE04EC0-301F-11D3-BF4B-00C04F79EFBC}") = "FindLocalHighs", "FindLocalHighs\FindLocalHighs.csproj", "{BFC28E64-8EDC-436B-AD8B-72C8CABB76B6}"
EndProject
Project("{FAE04EC0-301F-11D3-BF4B-00C04F79EFBC}") = "SumOfNumbers", "SumOfNumbers\SumOfNumbers.csproj", "{45631A2C-A027-4665-A4B4-0921F00FE20C}"
EndProject
Project("{FAE04EC0-301F-11D3-BF4B-00C04F79EFBC}") = "PersonnelAccounting", "PersonnelAccounting\PersonnelAccounting.csproj", "{EEAD650E-C6F7-459F-A579-E17B4C847CC7}"
EndProject
Project("{FAE04EC0-301F-11D3-BF4B-00C04F79EFBC}") = "UIElement", "UIElement\UIElement.csproj", "{EC0416B4-0A43-48C8-BD35-C2A498555422}"
EndProject
Project("{FAE04EC0-301F-11D3-BF4B-00C04F79EFBC}") = "ReadInt", "ReadInt\ReadInt.csproj", "{BA0CEFCC-809E-426C-917E-C8FB3FF785E6}"
EndProject
Project("{FAE04EC0-301F-11D3-BF4B-00C04F79EFBC}") = "BraveNewWorld", "BraveNewWorld\BraveNewWorld.csproj", "{13540132-E8F6-42B5-B8FC-1C7D1C8737C4}"
EndProject
Project("{FAE04EC0-301F-11D3-BF4B-00C04F79EFBC}") = "KansasCityShuffle", "KansasCityShuffle\KansasCityShuffle.csproj", "{0CA48061-DF66-4F9C-B949-61A9D324DA68}"
EndProject
Project("{FAE04EC0-301F-11D3-BF4B-00C04F79EFBC}") = "Dictionary", "Dictionary\Dictionary.csproj", "{7620543F-131F-487D-9CCD-05D13A14D55E}"
EndProject
Project("{FAE04EC0-301F-11D3-BF4B-00C04F79EFBC}") = "QueueToStore", "QueueToStore\QueueToStore.csproj", "{E6936D13-4CD1-446B-994E-1E21F7824155}"
EndProject
Project("{FAE04EC0-301F-11D3-BF4B-00C04F79EFBC}") = "DynamicArray", "DynamicArray\DynamicArray.csproj", "{10887931-2653-4FC5-9EFA-063217BD3CD8}"
EndProject
Project("{FAE04EC0-301F-11D3-BF4B-00C04F79EFBC}") = "NewPersonnelAccounting", "NewPersonnelAccounting\NewPersonnelAccounting.csproj", "{FA549F3C-5C91-4203-A476-8C0038CB4C7F}"
EndProject
Project("{FAE04EC0-301F-11D3-BF4B-00C04F79EFBC}") = "WorkingWithClasses", "WorkingWithClasses\WorkingWithClasses.csproj", "{D6F13C6C-D99C-406C-9C26-EA9C75ECAEBE}"
EndProject
Project("{FAE04EC0-301F-11D3-BF4B-00C04F79EFBC}") = "WorkWithProperties", "WorkWithProperties\WorkWithProperties.csproj", "{E071FC32-3775-476F-A38A-34542D302724}"
EndProject
Project("{FAE04EC0-301F-11D3-BF4B-00C04F79EFBC}") = "PlayerDatabase", "PlayerDatabase\PlayerDatabase.csproj", "{A61115B2-4148-4110-AE81-DA38C4D75F38}"
EndProject
Project("{FAE04EC0-301F-11D3-BF4B-00C04F79EFBC}") = "Store", "Store\Store.csproj", "{EEE11407-8DC6-4041-B4C8-510BE90F59B5}"
EndProject
Project("{FAE04EC0-301F-11D3-BF4B-00C04F79EFBC}") = "TrainСonfigurator", "TrainСonfigurator\TrainСonfigurator.csproj", "{CF255D71-CB63-47BA-ACE5-AA2FBCD33909}"
EndProject
Project("{FAE04EC0-301F-11D3-BF4B-00C04F79EFBC}") = "GladiatorFights", "GladiatorFights\GladiatorFights.csproj", "{002BE8A7-4E7E-45EB-840C-F8957AC9F098}"
EndProject
Project("{FAE04EC0-301F-11D3-BF4B-00C04F79EFBC}") = "Supermarket", "Supermarket\Supermarket.csproj", "{594CC895-610D-4CB7-844A-9F5CAB8BC818}"
EndProject
Project("{FAE04EC0-301F-11D3-BF4B-00C04F79EFBC}") = "War", "War\War.csproj", "{0D000365-811A-4438-9837-B8094B41F191}"
EndProject
Project("{FAE04EC0-301F-11D3-BF4B-00C04F79EFBC}") = "Aquarium", "Aquarium\Aquarium.csproj", "{035E8E4C-06A6-4A2A-97A6-C62BAD4CAECB}"
EndProject
Project("{FAE04EC0-301F-11D3-BF4B-00C04F79EFBC}") = "Zoo", "Zoo\Zoo.csproj", "{CCF89C20-247F-4758-848B-94CC7E9A85A7}"
EndProject
Project("{FAE04EC0-301F-11D3-BF4B-00C04F79EFBC}") = "СarService", "СarService\СarService.csproj", "{2603FC3D-582D-403D-8476-1A6AAF04018B}"
EndProject
Project("{FAE04EC0-301F-11D3-BF4B-00C04F79EFBC}") = "SearchForCiminal", "SearchForCiminal\SearchForCiminal.csproj", "{5DF00361-33EB-4D62-85FF-B890660A458E}"
EndProject
Project("{FAE04EC0-301F-11D3-BF4B-00C04F79EFBC}") = "Amnesty", "Amnesty\Amnesty.csproj", "{E4552361-FF25-4C49-8201-43793D71F8A3}"
EndProject
Project("{FAE04EC0-301F-11D3-BF4B-00C04F79EFBC}") = "AnarchyInTheHospital", "AnarchyInTheHospital\AnarchyInTheHospital.csproj", "{F3CA0611-ADB4-4FE7-9135-A8D3FB68BE5E}"
EndProject
Project("{FAE04EC0-301F-11D3-BF4B-00C04F79EFBC}") = "TopPlayers", "TopPlayers\TopPlayers.csproj", "{0AE347AF-29DD-4F72-9985-DD1EDD91E573}"
EndProject
Project("{FAE04EC0-301F-11D3-BF4B-00C04F79EFBC}") = "DefinitionOfOverdue", "DefinitionOfOverdue\DefinitionOfOverdue.csproj", "{51C29D6E-FF65-47D6-A14A-B0DDF3EC3FFA}"
EndProject
Project("{FAE04EC0-301F-11D3-BF4B-00C04F79EFBC}") = "ArmsReport", "ArmsReport\ArmsReport.csproj", "{F7575A78-F582-4587-8C4E-19AEE8021F9D}"
EndProject
Project("{FAE04EC0-301F-11D3-BF4B-00C04F79EFBC}") = "UnificationOfTroops", "UnificationOfTroops\UnificationOfTroops.csproj", "{C64AF85F-02D4-452C-A31D-4D0FBEE7995C}"
EndProject
Global
	GlobalSection(SolutionConfigurationPlatforms) = preSolution
		Debug|anycpu = Debug|anycpu
		Release|anycpu = Release|anycpu
	EndGlobalSection
	GlobalSection(ProjectConfigurationPlatforms) = postSolution
		{C04EFD49-6B95-4E3B-B992-0C6E0CA06752}.Debug|anycpu.ActiveCfg = Debug|anycpu
		{C04EFD49-6B95-4E3B-B992-0C6E0CA06752}.Debug|anycpu.Build.0 = Debug|anycpu
		{C04EFD49-6B95-4E3B-B992-0C6E0CA06752}.Release|anycpu.ActiveCfg = Release|anycpu
		{C04EFD49-6B95-4E3B-B992-0C6E0CA06752}.Release|anycpu.Build.0 = Release|anycpu
		{5B180405-1B59-4FB7-B6DB-818BD5F06FE1}.Debug|anycpu.ActiveCfg = Debug|anycpu
		{5B180405-1B59-4FB7-B6DB-818BD5F06FE1}.Debug|anycpu.Build.0 = Debug|anycpu
		{5B180405-1B59-4FB7-B6DB-818BD5F06FE1}.Release|anycpu.ActiveCfg = Release|anycpu
		{5B180405-1B59-4FB7-B6DB-818BD5F06FE1}.Release|anycpu.Build.0 = Release|anycpu
		{2F4CC0CC-1069-4C7C-9C8A-1EAAD5ABE18D}.Debug|anycpu.ActiveCfg = Debug|anycpu
		{2F4CC0CC-1069-4C7C-9C8A-1EAAD5ABE18D}.Debug|anycpu.Build.0 = Debug|anycpu
		{2F4CC0CC-1069-4C7C-9C8A-1EAAD5ABE18D}.Release|anycpu.ActiveCfg = Release|anycpu
		{2F4CC0CC-1069-4C7C-9C8A-1EAAD5ABE18D}.Release|anycpu.Build.0 = Release|anycpu
		{ECE30DC4-C01D-4C6E-8B86-BDD32AB14F7A}.Debug|anycpu.ActiveCfg = Debug|anycpu
		{ECE30DC4-C01D-4C6E-8B86-BDD32AB14F7A}.Debug|anycpu.Build.0 = Debug|anycpu
		{ECE30DC4-C01D-4C6E-8B86-BDD32AB14F7A}.Release|anycpu.ActiveCfg = Release|anycpu
		{ECE30DC4-C01D-4C6E-8B86-BDD32AB14F7A}.Release|anycpu.Build.0 = Release|anycpu
		{CFF44131-E1F9-4EC8-BAE0-005B256E8A74}.Debug|anycpu.ActiveCfg = Debug|anycpu
		{CFF44131-E1F9-4EC8-BAE0-005B256E8A74}.Debug|anycpu.Build.0 = Debug|anycpu
		{CFF44131-E1F9-4EC8-BAE0-005B256E8A74}.Release|anycpu.ActiveCfg = Release|anycpu
		{CFF44131-E1F9-4EC8-BAE0-005B256E8A74}.Release|anycpu.Build.0 = Release|anycpu
		{7AD7BB34-263F-4A68-8657-09381C3D9D36}.Debug|anycpu.ActiveCfg = Debug|anycpu
		{7AD7BB34-263F-4A68-8657-09381C3D9D36}.Debug|anycpu.Build.0 = Debug|anycpu
		{7AD7BB34-263F-4A68-8657-09381C3D9D36}.Release|anycpu.ActiveCfg = Release|anycpu
		{7AD7BB34-263F-4A68-8657-09381C3D9D36}.Release|anycpu.Build.0 = Release|anycpu
		{5A309ABB-DEAF-46B7-8AB8-395C8130F0C8}.Debug|anycpu.ActiveCfg = Debug|anycpu
		{5A309ABB-DEAF-46B7-8AB8-395C8130F0C8}.Debug|anycpu.Build.0 = Debug|anycpu
		{5A309ABB-DEAF-46B7-8AB8-395C8130F0C8}.Release|anycpu.ActiveCfg = Release|anycpu
		{5A309ABB-DEAF-46B7-8AB8-395C8130F0C8}.Release|anycpu.Build.0 = Release|anycpu
		{338BA041-F5EA-4D7F-835E-6D64B2A4BAE7}.Debug|anycpu.ActiveCfg = Debug|anycpu
		{338BA041-F5EA-4D7F-835E-6D64B2A4BAE7}.Debug|anycpu.Build.0 = Debug|anycpu
		{338BA041-F5EA-4D7F-835E-6D64B2A4BAE7}.Release|anycpu.ActiveCfg = Release|anycpu
		{338BA041-F5EA-4D7F-835E-6D64B2A4BAE7}.Release|anycpu.Build.0 = Release|anycpu
		{14F2EC52-3FDE-4636-BED3-599E89D1819D}.Debug|anycpu.ActiveCfg = Debug|anycpu
		{14F2EC52-3FDE-4636-BED3-599E89D1819D}.Debug|anycpu.Build.0 = Debug|anycpu
		{14F2EC52-3FDE-4636-BED3-599E89D1819D}.Release|anycpu.ActiveCfg = Release|anycpu
		{14F2EC52-3FDE-4636-BED3-599E89D1819D}.Release|anycpu.Build.0 = Release|anycpu
		{F5D46980-8B98-4C8A-B35C-FCB5DB962E43}.Debug|anycpu.ActiveCfg = Debug|anycpu
		{F5D46980-8B98-4C8A-B35C-FCB5DB962E43}.Debug|anycpu.Build.0 = Debug|anycpu
		{F5D46980-8B98-4C8A-B35C-FCB5DB962E43}.Release|anycpu.ActiveCfg = Release|anycpu
		{F5D46980-8B98-4C8A-B35C-FCB5DB962E43}.Release|anycpu.Build.0 = Release|anycpu
		{BE5DDD9B-5931-4ECB-8499-7AEA434C8828}.Debug|anycpu.ActiveCfg = Debug|anycpu
		{BE5DDD9B-5931-4ECB-8499-7AEA434C8828}.Debug|anycpu.Build.0 = Debug|anycpu
		{BE5DDD9B-5931-4ECB-8499-7AEA434C8828}.Release|anycpu.ActiveCfg = Release|anycpu
		{BE5DDD9B-5931-4ECB-8499-7AEA434C8828}.Release|anycpu.Build.0 = Release|anycpu
		{96710D5D-067F-43D7-A07D-0B479AB832A6}.Debug|anycpu.ActiveCfg = Debug|anycpu
		{96710D5D-067F-43D7-A07D-0B479AB832A6}.Debug|anycpu.Build.0 = Debug|anycpu
		{96710D5D-067F-43D7-A07D-0B479AB832A6}.Release|anycpu.ActiveCfg = Release|anycpu
		{96710D5D-067F-43D7-A07D-0B479AB832A6}.Release|anycpu.Build.0 = Release|anycpu
		{94B9D20C-0F02-4E44-9EE4-190D9C41D91D}.Debug|anycpu.ActiveCfg = Debug|anycpu
		{94B9D20C-0F02-4E44-9EE4-190D9C41D91D}.Debug|anycpu.Build.0 = Debug|anycpu
		{94B9D20C-0F02-4E44-9EE4-190D9C41D91D}.Release|anycpu.ActiveCfg = Release|anycpu
		{94B9D20C-0F02-4E44-9EE4-190D9C41D91D}.Release|anycpu.Build.0 = Release|anycpu
		{6785A3C7-F0DC-42D0-9780-D379025229EC}.Debug|anycpu.ActiveCfg = Debug|anycpu
		{6785A3C7-F0DC-42D0-9780-D379025229EC}.Debug|anycpu.Build.0 = Debug|anycpu
		{6785A3C7-F0DC-42D0-9780-D379025229EC}.Release|anycpu.ActiveCfg = Release|anycpu
		{6785A3C7-F0DC-42D0-9780-D379025229EC}.Release|anycpu.Build.0 = Release|anycpu
		{8F698BAB-807A-4F63-8A22-796E74EA41B5}.Debug|anycpu.ActiveCfg = Debug|anycpu
		{8F698BAB-807A-4F63-8A22-796E74EA41B5}.Debug|anycpu.Build.0 = Debug|anycpu
		{8F698BAB-807A-4F63-8A22-796E74EA41B5}.Release|anycpu.ActiveCfg = Release|anycpu
		{8F698BAB-807A-4F63-8A22-796E74EA41B5}.Release|anycpu.Build.0 = Release|anycpu
		{BFC28E64-8EDC-436B-AD8B-72C8CABB76B6}.Debug|anycpu.ActiveCfg = Debug|anycpu
		{BFC28E64-8EDC-436B-AD8B-72C8CABB76B6}.Debug|anycpu.Build.0 = Debug|anycpu
		{BFC28E64-8EDC-436B-AD8B-72C8CABB76B6}.Release|anycpu.ActiveCfg = Release|anycpu
		{BFC28E64-8EDC-436B-AD8B-72C8CABB76B6}.Release|anycpu.Build.0 = Release|anycpu
		{45631A2C-A027-4665-A4B4-0921F00FE20C}.Debug|anycpu.ActiveCfg = Debug|anycpu
		{45631A2C-A027-4665-A4B4-0921F00FE20C}.Debug|anycpu.Build.0 = Debug|anycpu
		{45631A2C-A027-4665-A4B4-0921F00FE20C}.Release|anycpu.ActiveCfg = Release|anycpu
		{45631A2C-A027-4665-A4B4-0921F00FE20C}.Release|anycpu.Build.0 = Release|anycpu
		{EEAD650E-C6F7-459F-A579-E17B4C847CC7}.Debug|anycpu.ActiveCfg = Debug|anycpu
		{EEAD650E-C6F7-459F-A579-E17B4C847CC7}.Debug|anycpu.Build.0 = Debug|anycpu
		{EEAD650E-C6F7-459F-A579-E17B4C847CC7}.Release|anycpu.ActiveCfg = Release|anycpu
		{EEAD650E-C6F7-459F-A579-E17B4C847CC7}.Release|anycpu.Build.0 = Release|anycpu
		{EC0416B4-0A43-48C8-BD35-C2A498555422}.Debug|anycpu.ActiveCfg = Debug|anycpu
		{EC0416B4-0A43-48C8-BD35-C2A498555422}.Debug|anycpu.Build.0 = Debug|anycpu
		{EC0416B4-0A43-48C8-BD35-C2A498555422}.Release|anycpu.ActiveCfg = Release|anycpu
		{EC0416B4-0A43-48C8-BD35-C2A498555422}.Release|anycpu.Build.0 = Release|anycpu
		{BA0CEFCC-809E-426C-917E-C8FB3FF785E6}.Debug|anycpu.ActiveCfg = Debug|anycpu
		{BA0CEFCC-809E-426C-917E-C8FB3FF785E6}.Debug|anycpu.Build.0 = Debug|anycpu
		{BA0CEFCC-809E-426C-917E-C8FB3FF785E6}.Release|anycpu.ActiveCfg = Release|anycpu
		{BA0CEFCC-809E-426C-917E-C8FB3FF785E6}.Release|anycpu.Build.0 = Release|anycpu
		{13540132-E8F6-42B5-B8FC-1C7D1C8737C4}.Debug|anycpu.ActiveCfg = Debug|anycpu
		{13540132-E8F6-42B5-B8FC-1C7D1C8737C4}.Debug|anycpu.Build.0 = Debug|anycpu
		{13540132-E8F6-42B5-B8FC-1C7D1C8737C4}.Release|anycpu.ActiveCfg = Release|anycpu
		{13540132-E8F6-42B5-B8FC-1C7D1C8737C4}.Release|anycpu.Build.0 = Release|anycpu
		{0CA48061-DF66-4F9C-B949-61A9D324DA68}.Debug|anycpu.ActiveCfg = Debug|anycpu
		{0CA48061-DF66-4F9C-B949-61A9D324DA68}.Debug|anycpu.Build.0 = Debug|anycpu
		{0CA48061-DF66-4F9C-B949-61A9D324DA68}.Release|anycpu.ActiveCfg = Release|anycpu
		{0CA48061-DF66-4F9C-B949-61A9D324DA68}.Release|anycpu.Build.0 = Release|anycpu
		{7620543F-131F-487D-9CCD-05D13A14D55E}.Debug|anycpu.ActiveCfg = Debug|anycpu
		{7620543F-131F-487D-9CCD-05D13A14D55E}.Debug|anycpu.Build.0 = Debug|anycpu
		{7620543F-131F-487D-9CCD-05D13A14D55E}.Release|anycpu.ActiveCfg = Release|anycpu
		{7620543F-131F-487D-9CCD-05D13A14D55E}.Release|anycpu.Build.0 = Release|anycpu
		{E6936D13-4CD1-446B-994E-1E21F7824155}.Debug|anycpu.ActiveCfg = Debug|anycpu
		{E6936D13-4CD1-446B-994E-1E21F7824155}.Debug|anycpu.Build.0 = Debug|anycpu
		{E6936D13-4CD1-446B-994E-1E21F7824155}.Release|anycpu.ActiveCfg = Release|anycpu
		{E6936D13-4CD1-446B-994E-1E21F7824155}.Release|anycpu.Build.0 = Release|anycpu
		{10887931-2653-4FC5-9EFA-063217BD3CD8}.Debug|anycpu.ActiveCfg = Debug|anycpu
		{10887931-2653-4FC5-9EFA-063217BD3CD8}.Debug|anycpu.Build.0 = Debug|anycpu
		{10887931-2653-4FC5-9EFA-063217BD3CD8}.Release|anycpu.ActiveCfg = Release|anycpu
		{10887931-2653-4FC5-9EFA-063217BD3CD8}.Release|anycpu.Build.0 = Release|anycpu
		{FA549F3C-5C91-4203-A476-8C0038CB4C7F}.Debug|anycpu.ActiveCfg = Debug|anycpu
		{FA549F3C-5C91-4203-A476-8C0038CB4C7F}.Debug|anycpu.Build.0 = Debug|anycpu
		{FA549F3C-5C91-4203-A476-8C0038CB4C7F}.Release|anycpu.ActiveCfg = Release|anycpu
		{FA549F3C-5C91-4203-A476-8C0038CB4C7F}.Release|anycpu.Build.0 = Release|anycpu
		{D6F13C6C-D99C-406C-9C26-EA9C75ECAEBE}.Debug|anycpu.ActiveCfg = Debug|anycpu
		{D6F13C6C-D99C-406C-9C26-EA9C75ECAEBE}.Debug|anycpu.Build.0 = Debug|anycpu
		{D6F13C6C-D99C-406C-9C26-EA9C75ECAEBE}.Release|anycpu.ActiveCfg = Release|anycpu
		{D6F13C6C-D99C-406C-9C26-EA9C75ECAEBE}.Release|anycpu.Build.0 = Release|anycpu
		{E071FC32-3775-476F-A38A-34542D302724}.Debug|anycpu.ActiveCfg = Debug|anycpu
		{E071FC32-3775-476F-A38A-34542D302724}.Debug|anycpu.Build.0 = Debug|anycpu
		{E071FC32-3775-476F-A38A-34542D302724}.Release|anycpu.ActiveCfg = Release|anycpu
		{E071FC32-3775-476F-A38A-34542D302724}.Release|anycpu.Build.0 = Release|anycpu
		{A61115B2-4148-4110-AE81-DA38C4D75F38}.Debug|anycpu.ActiveCfg = Debug|anycpu
		{A61115B2-4148-4110-AE81-DA38C4D75F38}.Debug|anycpu.Build.0 = Debug|anycpu
		{A61115B2-4148-4110-AE81-DA38C4D75F38}.Release|anycpu.ActiveCfg = Release|anycpu
		{A61115B2-4148-4110-AE81-DA38C4D75F38}.Release|anycpu.Build.0 = Release|anycpu
		{EEE11407-8DC6-4041-B4C8-510BE90F59B5}.Debug|anycpu.ActiveCfg = Debug|anycpu
		{EEE11407-8DC6-4041-B4C8-510BE90F59B5}.Debug|anycpu.Build.0 = Debug|anycpu
		{EEE11407-8DC6-4041-B4C8-510BE90F59B5}.Release|anycpu.ActiveCfg = Release|anycpu
		{EEE11407-8DC6-4041-B4C8-510BE90F59B5}.Release|anycpu.Build.0 = Release|anycpu
		{CF255D71-CB63-47BA-ACE5-AA2FBCD33909}.Debug|anycpu.ActiveCfg = Debug|anycpu
		{CF255D71-CB63-47BA-ACE5-AA2FBCD33909}.Debug|anycpu.Build.0 = Debug|anycpu
		{CF255D71-CB63-47BA-ACE5-AA2FBCD33909}.Release|anycpu.ActiveCfg = Release|anycpu
		{CF255D71-CB63-47BA-ACE5-AA2FBCD33909}.Release|anycpu.Build.0 = Release|anycpu
		{002BE8A7-4E7E-45EB-840C-F8957AC9F098}.Debug|anycpu.ActiveCfg = Debug|anycpu
		{002BE8A7-4E7E-45EB-840C-F8957AC9F098}.Debug|anycpu.Build.0 = Debug|anycpu
		{002BE8A7-4E7E-45EB-840C-F8957AC9F098}.Release|anycpu.ActiveCfg = Release|anycpu
		{002BE8A7-4E7E-45EB-840C-F8957AC9F098}.Release|anycpu.Build.0 = Release|anycpu
		{594CC895-610D-4CB7-844A-9F5CAB8BC818}.Debug|anycpu.ActiveCfg = Debug|anycpu
		{594CC895-610D-4CB7-844A-9F5CAB8BC818}.Debug|anycpu.Build.0 = Debug|anycpu
		{594CC895-610D-4CB7-844A-9F5CAB8BC818}.Release|anycpu.ActiveCfg = Release|anycpu
		{594CC895-610D-4CB7-844A-9F5CAB8BC818}.Release|anycpu.Build.0 = Release|anycpu
		{0D000365-811A-4438-9837-B8094B41F191}.Debug|anycpu.ActiveCfg = Debug|anycpu
		{0D000365-811A-4438-9837-B8094B41F191}.Debug|anycpu.Build.0 = Debug|anycpu
		{0D000365-811A-4438-9837-B8094B41F191}.Release|anycpu.ActiveCfg = Release|anycpu
		{0D000365-811A-4438-9837-B8094B41F191}.Release|anycpu.Build.0 = Release|anycpu
		{035E8E4C-06A6-4A2A-97A6-C62BAD4CAECB}.Debug|anycpu.ActiveCfg = Debug|anycpu
		{035E8E4C-06A6-4A2A-97A6-C62BAD4CAECB}.Debug|anycpu.Build.0 = Debug|anycpu
		{035E8E4C-06A6-4A2A-97A6-C62BAD4CAECB}.Release|anycpu.ActiveCfg = Release|anycpu
		{035E8E4C-06A6-4A2A-97A6-C62BAD4CAECB}.Release|anycpu.Build.0 = Release|anycpu
		{CCF89C20-247F-4758-848B-94CC7E9A85A7}.Debug|anycpu.ActiveCfg = Debug|anycpu
		{CCF89C20-247F-4758-848B-94CC7E9A85A7}.Debug|anycpu.Build.0 = Debug|anycpu
		{CCF89C20-247F-4758-848B-94CC7E9A85A7}.Release|anycpu.ActiveCfg = Release|anycpu
		{CCF89C20-247F-4758-848B-94CC7E9A85A7}.Release|anycpu.Build.0 = Release|anycpu
		{2603FC3D-582D-403D-8476-1A6AAF04018B}.Debug|anycpu.ActiveCfg = Debug|anycpu
		{2603FC3D-582D-403D-8476-1A6AAF04018B}.Debug|anycpu.Build.0 = Debug|anycpu
		{2603FC3D-582D-403D-8476-1A6AAF04018B}.Release|anycpu.ActiveCfg = Release|anycpu
		{2603FC3D-582D-403D-8476-1A6AAF04018B}.Release|anycpu.Build.0 = Release|anycpu
		{5DF00361-33EB-4D62-85FF-B890660A458E}.Debug|anycpu.ActiveCfg = Debug|anycpu
		{5DF00361-33EB-4D62-85FF-B890660A458E}.Debug|anycpu.Build.0 = Debug|anycpu
		{5DF00361-33EB-4D62-85FF-B890660A458E}.Release|anycpu.ActiveCfg = Release|anycpu
		{5DF00361-33EB-4D62-85FF-B890660A458E}.Release|anycpu.Build.0 = Release|anycpu
		{E4552361-FF25-4C49-8201-43793D71F8A3}.Debug|anycpu.ActiveCfg = Debug|anycpu
		{E4552361-FF25-4C49-8201-43793D71F8A3}.Debug|anycpu.Build.0 = Debug|anycpu
		{E4552361-FF25-4C49-8201-43793D71F8A3}.Release|anycpu.ActiveCfg = Release|anycpu
		{E4552361-FF25-4C49-8201-43793D71F8A3}.Release|anycpu.Build.0 = Release|anycpu
		{F3CA0611-ADB4-4FE7-9135-A8D3FB68BE5E}.Debug|anycpu.ActiveCfg = Debug|anycpu
		{F3CA0611-ADB4-4FE7-9135-A8D3FB68BE5E}.Debug|anycpu.Build.0 = Debug|anycpu
		{F3CA0611-ADB4-4FE7-9135-A8D3FB68BE5E}.Release|anycpu.ActiveCfg = Release|anycpu
		{F3CA0611-ADB4-4FE7-9135-A8D3FB68BE5E}.Release|anycpu.Build.0 = Release|anycpu
		{0AE347AF-29DD-4F72-9985-DD1EDD91E573}.Debug|anycpu.ActiveCfg = Debug|anycpu
		{0AE347AF-29DD-4F72-9985-DD1EDD91E573}.Debug|anycpu.Build.0 = Debug|anycpu
		{0AE347AF-29DD-4F72-9985-DD1EDD91E573}.Release|anycpu.ActiveCfg = Release|anycpu
		{0AE347AF-29DD-4F72-9985-DD1EDD91E573}.Release|anycpu.Build.0 = Release|anycpu
		{51C29D6E-FF65-47D6-A14A-B0DDF3EC3FFA}.Debug|anycpu.ActiveCfg = Debug|anycpu
		{51C29D6E-FF65-47D6-A14A-B0DDF3EC3FFA}.Debug|anycpu.Build.0 = Debug|anycpu
		{51C29D6E-FF65-47D6-A14A-B0DDF3EC3FFA}.Release|anycpu.ActiveCfg = Release|anycpu
		{51C29D6E-FF65-47D6-A14A-B0DDF3EC3FFA}.Release|anycpu.Build.0 = Release|anycpu
		{F7575A78-F582-4587-8C4E-19AEE8021F9D}.Debug|anycpu.ActiveCfg = Debug|anycpu
		{F7575A78-F582-4587-8C4E-19AEE8021F9D}.Debug|anycpu.Build.0 = Debug|anycpu
		{F7575A78-F582-4587-8C4E-19AEE8021F9D}.Release|anycpu.ActiveCfg = Release|anycpu
		{F7575A78-F582-4587-8C4E-19AEE8021F9D}.Release|anycpu.Build.0 = Release|anycpu
		{C64AF85F-02D4-452C-A31D-4D0FBEE7995C}.Debug|anycpu.ActiveCfg = Debug|anycpu
		{C64AF85F-02D4-452C-A31D-4D0FBEE7995C}.Debug|anycpu.Build.0 = Debug|anycpu
		{C64AF85F-02D4-452C-A31D-4D0FBEE7995C}.Release|anycpu.ActiveCfg = Release|anycpu
		{C64AF85F-02D4-452C-A31D-4D0FBEE7995C}.Release|anycpu.Build.0 = Release|anycpu
	EndGlobalSection
	GlobalSection(SolutionProperties) = preSolution
		HideSolutionNode = FALSE
	EndGlobalSection
	GlobalSection(ExtensibilityGlobals) = postSolution
		SolutionGuid = {7F78695F-7647-4676-A04A-781B8A8D00D6}
	EndGlobalSection
EndGlobal
