
Microsoft Visual Studio Solution File, Format Version 12.00
# Visual Studio Version 16
VisualStudioVersion = 16.0.810.25
MinimumVisualStudioVersion = 10.0.40219.1
Project("{FAE04EC0-301F-11D3-BF4B-00C04F79EFBC}") = "SumOfPositiveNumbers", "SumOfPositiveNumbers.csproj", "{2D1CD14B-010D-4B62-B9FE-4D6FB81E832F}"
EndProject
Global
	GlobalSection(SolutionConfigurationPlatforms) = preSolution
		Debug|anycpu = Debug|anycpu
		Release|anycpu = Release|anycpu
	EndGlobalSection
	GlobalSection(ProjectConfigurationPlatforms) = postSolution
		{2D1CD14B-010D-4B62-B9FE-4D6FB81E832F}.Debug|anycpu.ActiveCfg = Debug|anycpu
		{2D1CD14B-010D-4B62-B9FE-4D6FB81E832F}.Debug|anycpu.Build.0 = Debug|anycpu
		{2D1CD14B-010D-4B62-B9FE-4D6FB81E832F}.Release|anycpu.ActiveCfg = Release|anycpu
		{2D1CD14B-010D-4B62-B9FE-4D6FB81E832F}.Release|anycpu.Build.0 = Release|anycpu
	EndGlobalSection
	GlobalSection(SolutionProperties) = preSolution
		HideSolutionNode = FALSE
	EndGlobalSection
	GlobalSection(ExtensibilityGlobals) = postSolution
		SolutionGuid = {7FF0A1FA-C3B0-4A9D-8294-391789E3A43F}
	EndGlobalSection
EndGlobal
